
Microsoft Visual Studio Solution File, Format Version 12.00
# Visual Studio Version 16
VisualStudioVersion = 16.0.29306.81
MinimumVisualStudioVersion = 10.0.40219.1
Project("{FAE04EC0-301F-11D3-BF4B-00C04F79EFBC}") = "ClassicASPHomework", "ClassicASPHomework\ClassicASPHomework.csproj", "{F125A015-CF74-46C4-81E1-728B255D028B}"
EndProject
Global
	GlobalSection(SolutionConfigurationPlatforms) = preSolution
		Debug|Any CPU = Debug|Any CPU
		Release|Any CPU = Release|Any CPU
	EndGlobalSection
	GlobalSection(ProjectConfigurationPlatforms) = postSolution
		{F125A015-CF74-46C4-81E1-728B255D028B}.Debug|Any CPU.ActiveCfg = Debug|Any CPU
		{F125A015-CF74-46C4-81E1-728B255D028B}.Debug|Any CPU.Build.0 = Debug|Any CPU
		{F125A015-CF74-46C4-81E1-728B255D028B}.Release|Any CPU.ActiveCfg = Release|Any CPU
		{F125A015-CF74-46C4-81E1-728B255D028B}.Release|Any CPU.Build.0 = Release|Any CPU
	EndGlobalSection
	GlobalSection(SolutionProperties) = preSolution
		HideSolutionNode = FALSE
	EndGlobalSection
	GlobalSection(ExtensibilityGlobals) = postSolution
		SolutionGuid = {3535CACB-8637-41EC-9788-D6B11461E7DA}
	EndGlobalSection
EndGlobal
